# THIS IS AN AUTOGENERATED FILE. DO NOT EDIT THIS FILE DIRECTLY.
# yarn lockfile v1


"@clayui/button@^3.32.0":
  version "3.32.0"
  resolved "https://registry.yarnpkg.com/@clayui/button/-/button-3.32.0.tgz#ddf5711e51fe4f68fa0bc42baaaccdc0dfad372d"
  integrity sha512-GYbGXbxDzdyWBL6GWun72sq03T2RfbDdY6R9LdZIN5JtgZmp53jECEevA3UwDYBBKaeBvYd/d4xTv6u8C0TtZQ==
  dependencies:
    "@clayui/icon" "^3.32.0"
    classnames "^2.2.6"

"@clayui/icon@^3.32.0":
  version "3.32.0"
  resolved "https://registry.yarnpkg.com/@clayui/icon/-/icon-3.32.0.tgz#70c91211d1c9ca5aaa328dac82861b48aeed0980"
  integrity sha512-w6Ao4toV+WMlggrwFSF/QIj7G3AZoHhRqOkXTwtJAyyNwJuv46aqR9qtxwICnKGisbYOlZB18OOUJAoSSxp9cA==
  dependencies:
    classnames "^2.2.6"
    warning "^4.0.3"

classnames@^2.2.6:
  version "2.3.1"
  resolved "https://registry.yarnpkg.com/classnames/-/classnames-2.3.1.tgz#dfcfa3891e306ec1dad105d0e88f4417b8535e8e"
  integrity sha512-OlQdbZ7gLfGarSqxesMesDa5uz7KFbID8Kpq/SxIoNGDqY8lSYs0D+hhtBXhcdB3rcbXArFr7vlHheLk1voeNA==

"js-tokens@^3.0.0 || ^4.0.0":
  version "4.0.0"
  resolved "https://registry.yarnpkg.com/js-tokens/-/js-tokens-4.0.0.tgz#19203fb59991df98e3a287050d4647cdeaf32499"
  integrity sha512-RdJUflcE3cUzKiMqQgsCu06FPu9UdIJO0beYbPhHN4k6apgJtifcoCtT9bcxOpYBtpD2kCM6Sbzg4CausW/PKQ==

loose-envify@^1.0.0:
  version "1.4.0"
  resolved "https://registry.yarnpkg.com/loose-envify/-/loose-envify-1.4.0.tgz#71ee51fa7be4caec1a63839f7e682d8132d30caf"
  integrity sha512-lyuxPGr/Wfhrlem2CL/UcnUc1zcqKAImBDzukY7Y5F/yQiNdko6+fRLevlw1HgMySw7f611UIY408EtxRSoK3Q==
  dependencies:
    js-tokens "^3.0.0 || ^4.0.0"

warning@^4.0.3:
  version "4.0.3"
  resolved "https://registry.yarnpkg.com/warning/-/warning-4.0.3.tgz#16e9e077eb8a86d6af7d64aa1e05fd85b4678ca3"
  integrity sha512-rpJyN222KWIvHJ/F53XSZv0Zl/accqHR8et1kpaMTD/fLCRxtV8iX8czMzY7sVZupTI3zcUTg8eycS2kNF9l6w==
  dependencies:
    loose-envify "^1.0.0"
